
Microsoft Visual Studio Solution File, Format Version 12.00
Project("{FAE04EC0-301F-11D3-BF4B-00C04F79EFBC}") = "AwsLocalClient", "AwsLocalClient\AwsLocalClient.csproj", "{AB596FC7-2671-462F-9D37-5E8F1DFCA53A}"
EndProject
Global
	GlobalSection(SolutionConfigurationPlatforms) = preSolution
		Debug|Any CPU = Debug|Any CPU
		Release|Any CPU = Release|Any CPU
	EndGlobalSection
	GlobalSection(ProjectConfigurationPlatforms) = postSolution
		{AB596FC7-2671-462F-9D37-5E8F1DFCA53A}.Debug|Any CPU.ActiveCfg = Debug|Any CPU
		{AB596FC7-2671-462F-9D37-5E8F1DFCA53A}.Debug|Any CPU.Build.0 = Debug|Any CPU
		{AB596FC7-2671-462F-9D37-5E8F1DFCA53A}.Release|Any CPU.ActiveCfg = Release|Any CPU
		{AB596FC7-2671-462F-9D37-5E8F1DFCA53A}.Release|Any CPU.Build.0 = Release|Any CPU
	EndGlobalSection
EndGlobal
